<Solution>
  <Project Path="Area Converter/Area Converter.csproj" Id="0f3a954f-75b0-4e15-9038-f113ed7f8dac" />
  <Project Path="Contribution-Return-Policy-Manager/Contribution-Return-Policy-Manager.csproj" Id="35f6f8ac-b570-435a-82b7-0989da2af2be" />
  <Project Path="LandRe-Adjustment Tool/Land_Readjustment_Tool.csproj" />
</Solution>
