Microsoft Visual Studio Solution File, Format Version 12.00
# Visual Studio Version 18
VisualStudioVersion = 18.2.11415.280 d18.0
MinimumVisualStudioVersion = 10.0.40219.1
Project("{FAE04EC0-301F-11D3-BF4B-00C04F79EFBC}") = "Land_Readjustment_Tool", "Land_Readjustment_Tool.csproj", "{D7A03EBB-D5A0-6569-96E5-03E83B893252}"
EndProject
Global
	GlobalSection(SolutionConfigurationPlatforms) = preSolution
		Debug|Any CPU = Debug|Any CPU
		Release|Any CPU = Release|Any CPU
	EndGlobalSection
	GlobalSection(ProjectConfigurationPlatforms) = postSolution
		{D7A03EBB-D5A0-6569-96E5-03E83B893252}.Debug|Any CPU.ActiveCfg = Debug|Any CPU
		{D7A03EBB-D5A0-6569-96E5-03E83B893252}.Debug|Any CPU.Build.0 = Debug|Any CPU
		{D7A03EBB-D5A0-6569-96E5-03E83B893252}.Release|Any CPU.ActiveCfg = Release|Any CPU
		{D7A03EBB-D5A0-6569-96E5-03E83B893252}.Release|Any CPU.Build.0 = Release|Any CPU
	EndGlobalSection
	GlobalSection(SolutionProperties) = preSolution
		HideSolutionNode = FALSE
	EndGlobalSection
	GlobalSection(ExtensibilityGlobals) = postSolution
		SolutionGuid = {3A2ABA7A-6340-48F0-9753-E5DE44D8ABB4}
	EndGlobalSection
EndGlobal
